// !$*UTF8*$!
{
	archiveVersion = 1;
	classes = {
	};
	objectVersion = 51;
	objects = {

/* Begin PBXBuildFile section */
		143D29481F5B78BF0FEC0372 /* Pods_AwDyu.framework in Frameworks */ = {isa = PBXBuildFile; fileRef = 6C1FCCD8FE6C68C2B30D1FCE /* Pods_AwDyu.framework */; };
		8622E72224B541B50044FC1D /* UITableViewCellExtensions.swift in Sources */ = {isa = PBXBuildFile; fileRef = 8622E72124B541B50044FC1D /* UITableViewCellExtensions.swift */; };
		8622E72724B5443D0044FC1D /* MasterTableViewModel.swift in Sources */ = {isa = PBXBuildFile; fileRef = 8622E72624B5443D0044FC1D /* MasterTableViewModel.swift */; };
		8622E72924B544C20044FC1D /* TrackTableCellViewModel.swift in Sources */ = {isa = PBXBuildFile; fileRef = 8622E72824B544C20044FC1D /* TrackTableCellViewModel.swift */; };
		8622E72D24B549940044FC1D /* Track.swift in Sources */ = {isa = PBXBuildFile; fileRef = 8622E72C24B549940044FC1D /* Track.swift */; };
		8622E72F24B549AA0044FC1D /* Tracks.swift in Sources */ = {isa = PBXBuildFile; fileRef = 8622E72E24B549AA0044FC1D /* Tracks.swift */; };
		8622E73124B549DC0044FC1D /* Displayable.swift in Sources */ = {isa = PBXBuildFile; fileRef = 8622E73024B549DC0044FC1D /* Displayable.swift */; };
		8626741E24B550A900F1A4FC /* NetworkManager.swift in Sources */ = {isa = PBXBuildFile; fileRef = 8626741D24B550A900F1A4FC /* NetworkManager.swift */; };
		868F067C24B5FDC200D124A4 /* ImageLoader.swift in Sources */ = {isa = PBXBuildFile; fileRef = 868F067B24B5FDC200D124A4 /* ImageLoader.swift */; };
		868F067F24B68D7800D124A4 /* ImageLoadable.swift in Sources */ = {isa = PBXBuildFile; fileRef = 868F067E24B68D7800D124A4 /* ImageLoadable.swift */; };
		868F068124B6948600D124A4 /* DetailViewModel.swift in Sources */ = {isa = PBXBuildFile; fileRef = 868F068024B6948600D124A4 /* DetailViewModel.swift */; };
		86A19FE124B4A91200032CEE /* AppDelegate.swift in Sources */ = {isa = PBXBuildFile; fileRef = 86A19FE024B4A91200032CEE /* AppDelegate.swift */; };
		86A19FE324B4A91200032CEE /* SceneDelegate.swift in Sources */ = {isa = PBXBuildFile; fileRef = 86A19FE224B4A91200032CEE /* SceneDelegate.swift */; };
		86A19FE524B4A91200032CEE /* MasterViewController.swift in Sources */ = {isa = PBXBuildFile; fileRef = 86A19FE424B4A91200032CEE /* MasterViewController.swift */; };
		86A19FE724B4A91200032CEE /* DetailViewController.swift in Sources */ = {isa = PBXBuildFile; fileRef = 86A19FE624B4A91200032CEE /* DetailViewController.swift */; };
		86A19FEA24B4A91200032CEE /* Main.storyboard in Resources */ = {isa = PBXBuildFile; fileRef = 86A19FE824B4A91200032CEE /* Main.storyboard */; };
		86A19FEC24B4A91400032CEE /* Assets.xcassets in Resources */ = {isa = PBXBuildFile; fileRef = 86A19FEB24B4A91400032CEE /* Assets.xcassets */; };
		86A19FEF24B4A91400032CEE /* LaunchScreen.storyboard in Resources */ = {isa = PBXBuildFile; fileRef = 86A19FED24B4A91400032CEE /* LaunchScreen.storyboard */; };
		86A19FF824B4AC4D00032CEE /* TrackTableViewCell.swift in Sources */ = {isa = PBXBuildFile; fileRef = 86A19FF624B4AC4D00032CEE /* TrackTableViewCell.swift */; };
		86A19FF924B4AC4D00032CEE /* TrackTableViewCell.xib in Resources */ = {isa = PBXBuildFile; fileRef = 86A19FF724B4AC4D00032CEE /* TrackTableViewCell.xib */; };
		86C1571824B72AE30043BBCF /* TrackDetail.swift in Sources */ = {isa = PBXBuildFile; fileRef = 86C1571724B72AE30043BBCF /* TrackDetail.swift */; };
		86C1571A24B72E260043BBCF /* Purchaseable.swift in Sources */ = {isa = PBXBuildFile; fileRef = 86C1571924B72E260043BBCF /* Purchaseable.swift */; };
		86C1571D24B731340043BBCF /* UserDefaultsManager.swift in Sources */ = {isa = PBXBuildFile; fileRef = 86C1571C24B731340043BBCF /* UserDefaultsManager.swift */; };
		86C1572124B733060043BBCF /* LastVisitSectionHeader.xib in Resources */ = {isa = PBXBuildFile; fileRef = 86C1572024B733060043BBCF /* LastVisitSectionHeader.xib */; };
		86C1572324B737A50043BBCF /* LastVisitSectionHeaderView.swift in Sources */ = {isa = PBXBuildFile; fileRef = 86C1572224B737A50043BBCF /* LastVisitSectionHeaderView.swift */; };
		86C1572624B7587D0043BBCF /* LastVisitSectionHeaderViewModel.swift in Sources */ = {isa = PBXBuildFile; fileRef = 86C1572524B7587D0043BBCF /* LastVisitSectionHeaderViewModel.swift */; };
		86C1572824B7EF220043BBCF /* PrimarySplitViewController.swift in Sources */ = {isa = PBXBuildFile; fileRef = 86C1572724B7EF220043BBCF /* PrimarySplitViewController.swift */; };
/* End PBXBuildFile section */

/* Begin PBXFileReference section */
		215054766BE1FA74C590A075 /* Pods-AwDyu.debug.xcconfig */ = {isa = PBXFileReference; includeInIndex = 1; lastKnownFileType = text.xcconfig; name = "Pods-AwDyu.debug.xcconfig"; path = "Target Support Files/Pods-AwDyu/Pods-AwDyu.debug.xcconfig"; sourceTree = "<group>"; };
		6C1FCCD8FE6C68C2B30D1FCE /* Pods_AwDyu.framework */ = {isa = PBXFileReference; explicitFileType = wrapper.framework; includeInIndex = 0; path = Pods_AwDyu.framework; sourceTree = BUILT_PRODUCTS_DIR; };
		8622E72124B541B50044FC1D /* UITableViewCellExtensions.swift */ = {isa = PBXFileReference; lastKnownFileType = sourcecode.swift; path = UITableViewCellExtensions.swift; sourceTree = "<group>"; };
		8622E72624B5443D0044FC1D /* MasterTableViewModel.swift */ = {isa = PBXFileReference; lastKnownFileType = sourcecode.swift; path = MasterTableViewModel.swift; sourceTree = "<group>"; };
		8622E72824B544C20044FC1D /* TrackTableCellViewModel.swift */ = {isa = PBXFileReference; lastKnownFileType = sourcecode.swift; path = TrackTableCellViewModel.swift; sourceTree = "<group>"; };
		8622E72C24B549940044FC1D /* Track.swift */ = {isa = PBXFileReference; lastKnownFileType = sourcecode.swift; path = Track.swift; sourceTree = "<group>"; };
		8622E72E24B549AA0044FC1D /* Tracks.swift */ = {isa = PBXFileReference; lastKnownFileType = sourcecode.swift; path = Tracks.swift; sourceTree = "<group>"; };
		8622E73024B549DC0044FC1D /* Displayable.swift */ = {isa = PBXFileReference; lastKnownFileType = sourcecode.swift; path = Displayable.swift; sourceTree = "<group>"; };
		8626741D24B550A900F1A4FC /* NetworkManager.swift */ = {isa = PBXFileReference; lastKnownFileType = sourcecode.swift; path = NetworkManager.swift; sourceTree = "<group>"; };
		868F067B24B5FDC200D124A4 /* ImageLoader.swift */ = {isa = PBXFileReference; lastKnownFileType = sourcecode.swift; path = ImageLoader.swift; sourceTree = "<group>"; };
		868F067E24B68D7800D124A4 /* ImageLoadable.swift */ = {isa = PBXFileReference; lastKnownFileType = sourcecode.swift; path = ImageLoadable.swift; sourceTree = "<group>"; };
		868F068024B6948600D124A4 /* DetailViewModel.swift */ = {isa = PBXFileReference; lastKnownFileType = sourcecode.swift; path = DetailViewModel.swift; sourceTree = "<group>"; };
		86A19FDD24B4A91200032CEE /* AwDyu.app */ = {isa = PBXFileReference; explicitFileType = wrapper.application; includeInIndex = 0; path = AwDyu.app; sourceTree = BUILT_PRODUCTS_DIR; };
		86A19FE024B4A91200032CEE /* AppDelegate.swift */ = {isa = PBXFileReference; lastKnownFileType = sourcecode.swift; path = AppDelegate.swift; sourceTree = "<group>"; };
		86A19FE224B4A91200032CEE /* SceneDelegate.swift */ = {isa = PBXFileReference; lastKnownFileType = sourcecode.swift; path = SceneDelegate.swift; sourceTree = "<group>"; };
		86A19FE424B4A91200032CEE /* MasterViewController.swift */ = {isa = PBXFileReference; lastKnownFileType = sourcecode.swift; path = MasterViewController.swift; sourceTree = "<group>"; };
		86A19FE624B4A91200032CEE /* DetailViewController.swift */ = {isa = PBXFileReference; lastKnownFileType = sourcecode.swift; path = DetailViewController.swift; sourceTree = "<group>"; };
		86A19FE924B4A91200032CEE /* Base */ = {isa = PBXFileReference; lastKnownFileType = file.storyboard; name = Base; path = Base.lproj/Main.storyboard; sourceTree = "<group>"; };
		86A19FEB24B4A91400032CEE /* Assets.xcassets */ = {isa = PBXFileReference; lastKnownFileType = folder.assetcatalog; path = Assets.xcassets; sourceTree = "<group>"; };
		86A19FEE24B4A91400032CEE /* Base */ = {isa = PBXFileReference; lastKnownFileType = file.storyboard; name = Base; path = Base.lproj/LaunchScreen.storyboard; sourceTree = "<group>"; };
		86A19FF024B4A91400032CEE /* Info.plist */ = {isa = PBXFileReference; lastKnownFileType = text.plist.xml; path = Info.plist; sourceTree = "<group>"; };
		86A19FF624B4AC4D00032CEE /* TrackTableViewCell.swift */ = {isa = PBXFileReference; lastKnownFileType = sourcecode.swift; path = TrackTableViewCell.swift; sourceTree = "<group>"; };
		86A19FF724B4AC4D00032CEE /* TrackTableViewCell.xib */ = {isa = PBXFileReference; lastKnownFileType = file.xib; path = TrackTableViewCell.xib; sourceTree = "<group>"; };
		86C1571724B72AE30043BBCF /* TrackDetail.swift */ = {isa = PBXFileReference; lastKnownFileType = sourcecode.swift; path = TrackDetail.swift; sourceTree = "<group>"; };
		86C1571924B72E260043BBCF /* Purchaseable.swift */ = {isa = PBXFileReference; lastKnownFileType = sourcecode.swift; path = Purchaseable.swift; sourceTree = "<group>"; };
		86C1571C24B731340043BBCF /* UserDefaultsManager.swift */ = {isa = PBXFileReference; lastKnownFileType = sourcecode.swift; path = UserDefaultsManager.swift; sourceTree = "<group>"; };
		86C1572024B733060043BBCF /* LastVisitSectionHeader.xib */ = {isa = PBXFileReference; lastKnownFileType = file.xib; path = LastVisitSectionHeader.xib; sourceTree = "<group>"; };
		86C1572224B737A50043BBCF /* LastVisitSectionHeaderView.swift */ = {isa = PBXFileReference; lastKnownFileType = sourcecode.swift; path = LastVisitSectionHeaderView.swift; sourceTree = "<group>"; };
		86C1572524B7587D0043BBCF /* LastVisitSectionHeaderViewModel.swift */ = {isa = PBXFileReference; lastKnownFileType = sourcecode.swift; path = LastVisitSectionHeaderViewModel.swift; sourceTree = "<group>"; };
		86C1572724B7EF220043BBCF /* PrimarySplitViewController.swift */ = {isa = PBXFileReference; lastKnownFileType = sourcecode.swift; path = PrimarySplitViewController.swift; sourceTree = "<group>"; };
		88A0EC064C2CE882798AD751 /* Pods-AwDyu.release.xcconfig */ = {isa = PBXFileReference; includeInIndex = 1; lastKnownFileType = text.xcconfig; name = "Pods-AwDyu.release.xcconfig"; path = "Target Support Files/Pods-AwDyu/Pods-AwDyu.release.xcconfig"; sourceTree = "<group>"; };
/* End PBXFileReference section */

/* Begin PBXFrameworksBuildPhase section */
		86A19FDA24B4A91200032CEE /* Frameworks */ = {
			isa = PBXFrameworksBuildPhase;
			buildActionMask = 2147483647;
			files = (
				143D29481F5B78BF0FEC0372 /* Pods_AwDyu.framework in Frameworks */,
			);
			runOnlyForDeploymentPostprocessing = 0;
		};
/* End PBXFrameworksBuildPhase section */

/* Begin PBXGroup section */
		41D170337B75C5E5FB998D43 /* Pods */ = {
			isa = PBXGroup;
			children = (
				215054766BE1FA74C590A075 /* Pods-AwDyu.debug.xcconfig */,
				88A0EC064C2CE882798AD751 /* Pods-AwDyu.release.xcconfig */,
			);
			path = Pods;
			sourceTree = "<group>";
		};
		861E375A24B71FE800152639 /* DetailView */ = {
			isa = PBXGroup;
			children = (
				86A19FE624B4A91200032CEE /* DetailViewController.swift */,
				868F068024B6948600D124A4 /* DetailViewModel.swift */,
			);
			path = DetailView;
			sourceTree = "<group>";
		};
		8622E72024B541A10044FC1D /* Extensions */ = {
			isa = PBXGroup;
			children = (
				8622E72124B541B50044FC1D /* UITableViewCellExtensions.swift */,
			);
			path = Extensions;
			sourceTree = "<group>";
		};
		8622E72424B544120044FC1D /* View */ = {
			isa = PBXGroup;
			children = (
				86A19FE424B4A91200032CEE /* MasterViewController.swift */,
				86A19FFB24B4AC7B00032CEE /* Cell */,
			);
			path = View;
			sourceTree = "<group>";
		};
		8622E72524B5441D0044FC1D /* ViewModel */ = {
			isa = PBXGroup;
			children = (
				8622E72624B5443D0044FC1D /* MasterTableViewModel.swift */,
				8622E72824B544C20044FC1D /* TrackTableCellViewModel.swift */,
			);
			path = ViewModel;
			sourceTree = "<group>";
		};
		8622E72A24B549720044FC1D /* Models */ = {
			isa = PBXGroup;
			children = (
				8622E72C24B549940044FC1D /* Track.swift */,
				8622E72E24B549AA0044FC1D /* Tracks.swift */,
			);
			path = Models;
			sourceTree = "<group>";
		};
		8622E72B24B549780044FC1D /* Protocols */ = {
			isa = PBXGroup;
			children = (
				8622E73024B549DC0044FC1D /* Displayable.swift */,
				868F067E24B68D7800D124A4 /* ImageLoadable.swift */,
				86C1571924B72E260043BBCF /* Purchaseable.swift */,
				86C1571724B72AE30043BBCF /* TrackDetail.swift */,
			);
			path = Protocols;
			sourceTree = "<group>";
		};
		8626741C24B5509C00F1A4FC /* Networking */ = {
			isa = PBXGroup;
			children = (
				8626741D24B550A900F1A4FC /* NetworkManager.swift */,
				868F067B24B5FDC200D124A4 /* ImageLoader.swift */,
			);
			path = Networking;
			sourceTree = "<group>";
		};
		868F067D24B6003B00D124A4 /* Shared */ = {
			isa = PBXGroup;
			children = (
				86A19FFA24B4AC5900032CEE /* Master */,
				861E375A24B71FE800152639 /* DetailView */,
				86A19FE824B4A91200032CEE /* Main.storyboard */,
			);
			path = Shared;
			sourceTree = "<group>";
		};
		86A19FD424B4A91200032CEE = {
			isa = PBXGroup;
			children = (
				86A19FDF24B4A91200032CEE /* AwDyu */,
				86A19FDE24B4A91200032CEE /* Products */,
				41D170337B75C5E5FB998D43 /* Pods */,
				CC438C3D00905DA5458E4A42 /* Frameworks */,
			);
			sourceTree = "<group>";
		};
		86A19FDE24B4A91200032CEE /* Products */ = {
			isa = PBXGroup;
			children = (
				86A19FDD24B4A91200032CEE /* AwDyu.app */,
			);
			name = Products;
			sourceTree = "<group>";
		};
		86A19FDF24B4A91200032CEE /* AwDyu */ = {
			isa = PBXGroup;
			children = (
				86A19FE024B4A91200032CEE /* AppDelegate.swift */,
				86A19FE224B4A91200032CEE /* SceneDelegate.swift */,
				86C1572724B7EF220043BBCF /* PrimarySplitViewController.swift */,
				86C1571B24B731260043BBCF /* Managers */,
				8626741C24B5509C00F1A4FC /* Networking */,
				8622E72B24B549780044FC1D /* Protocols */,
				8622E72A24B549720044FC1D /* Models */,
				8622E72024B541A10044FC1D /* Extensions */,
				868F067D24B6003B00D124A4 /* Shared */,
				86A19FEB24B4A91400032CEE /* Assets.xcassets */,
				86A19FED24B4A91400032CEE /* LaunchScreen.storyboard */,
				86A19FF024B4A91400032CEE /* Info.plist */,
			);
			path = AwDyu;
			sourceTree = "<group>";
		};
		86A19FFA24B4AC5900032CEE /* Master */ = {
			isa = PBXGroup;
			children = (
				86C1572424B7581C0043BBCF /* LastVisitSectionHeader */,
				8622E72524B5441D0044FC1D /* ViewModel */,
				8622E72424B544120044FC1D /* View */,
			);
			path = Master;
			sourceTree = "<group>";
		};
		86A19FFB24B4AC7B00032CEE /* Cell */ = {
			isa = PBXGroup;
			children = (
				86A19FF624B4AC4D00032CEE /* TrackTableViewCell.swift */,
				86A19FF724B4AC4D00032CEE /* TrackTableViewCell.xib */,
			);
			path = Cell;
			sourceTree = "<group>";
		};
		86C1571B24B731260043BBCF /* Managers */ = {
			isa = PBXGroup;
			children = (
				86C1571C24B731340043BBCF /* UserDefaultsManager.swift */,
			);
			path = Managers;
			sourceTree = "<group>";
		};
		86C1572424B7581C0043BBCF /* LastVisitSectionHeader */ = {
			isa = PBXGroup;
			children = (
				86C1572224B737A50043BBCF /* LastVisitSectionHeaderView.swift */,
				86C1572524B7587D0043BBCF /* LastVisitSectionHeaderViewModel.swift */,
				86C1572024B733060043BBCF /* LastVisitSectionHeader.xib */,
			);
			path = LastVisitSectionHeader;
			sourceTree = "<group>";
		};
		CC438C3D00905DA5458E4A42 /* Frameworks */ = {
			isa = PBXGroup;
			children = (
				6C1FCCD8FE6C68C2B30D1FCE /* Pods_AwDyu.framework */,
			);
			name = Frameworks;
			sourceTree = "<group>";
		};
/* End PBXGroup section */

/* Begin PBXNativeTarget section */
		86A19FDC24B4A91200032CEE /* AwDyu */ = {
			isa = PBXNativeTarget;
			buildConfigurationList = 86A19FF324B4A91400032CEE /* Build configuration list for PBXNativeTarget "AwDyu" */;
			buildPhases = (
				874F10BA0A7E756FF245AE7F /* [CP] Check Pods Manifest.lock */,
				86A19FD924B4A91200032CEE /* Sources */,
				86A19FDA24B4A91200032CEE /* Frameworks */,
				86A19FDB24B4A91200032CEE /* Resources */,
				C0B3843FD860BA5245C24915 /* [CP] Embed Pods Frameworks */,
			);
			buildRules = (
			);
			dependencies = (
			);
			name = AwDyu;
			productName = AwDyu;
			productReference = 86A19FDD24B4A91200032CEE /* AwDyu.app */;
			productType = "com.apple.product-type.application";
		};
/* End PBXNativeTarget section */

/* Begin PBXProject section */
		86A19FD524B4A91200032CEE /* Project object */ = {
			isa = PBXProject;
			attributes = {
				LastSwiftUpdateCheck = 1150;
				LastUpgradeCheck = 1150;
				ORGANIZATIONNAME = VVC;
				TargetAttributes = {
					86A19FDC24B4A91200032CEE = {
						CreatedOnToolsVersion = 11.5;
					};
				};
			};
			buildConfigurationList = 86A19FD824B4A91200032CEE /* Build configuration list for PBXProject "AwDyu" */;
			compatibilityVersion = "Xcode 9.3";
			developmentRegion = en;
			hasScannedForEncodings = 0;
			knownRegions = (
				en,
				Base,
			);
			mainGroup = 86A19FD424B4A91200032CEE;
			productRefGroup = 86A19FDE24B4A91200032CEE /* Products */;
			projectDirPath = "";
			projectRoot = "";
			targets = (
				86A19FDC24B4A91200032CEE /* AwDyu */,
			);
		};
/* End PBXProject section */

/* Begin PBXResourcesBuildPhase section */
		86A19FDB24B4A91200032CEE /* Resources */ = {
			isa = PBXResourcesBuildPhase;
			buildActionMask = 2147483647;
			files = (
				86A19FEF24B4A91400032CEE /* LaunchScreen.storyboard in Resources */,
				86C1572124B733060043BBCF /* LastVisitSectionHeader.xib in Resources */,
				86A19FEC24B4A91400032CEE /* Assets.xcassets in Resources */,
				86A19FEA24B4A91200032CEE /* Main.storyboard in Resources */,
				86A19FF924B4AC4D00032CEE /* TrackTableViewCell.xib in Resources */,
			);
			runOnlyForDeploymentPostprocessing = 0;
		};
/* End PBXResourcesBuildPhase section */

/* Begin PBXShellScriptBuildPhase section */
		874F10BA0A7E756FF245AE7F /* [CP] Check Pods Manifest.lock */ = {
			isa = PBXShellScriptBuildPhase;
			buildActionMask = 2147483647;
			files = (
			);
			inputFileListPaths = (
			);
			inputPaths = (
				"${PODS_PODFILE_DIR_PATH}/Podfile.lock",
				"${PODS_ROOT}/Manifest.lock",
			);
			name = "[CP] Check Pods Manifest.lock";
			outputFileListPaths = (
			);
			outputPaths = (
				"$(DERIVED_FILE_DIR)/Pods-AwDyu-checkManifestLockResult.txt",
			);
			runOnlyForDeploymentPostprocessing = 0;
			shellPath = /bin/sh;
			shellScript = "diff \"${PODS_PODFILE_DIR_PATH}/Podfile.lock\" \"${PODS_ROOT}/Manifest.lock\" > /dev/null\nif [ $? != 0 ] ; then\n    # print error to STDERR\n    echo \"error: The sandbox is not in sync with the Podfile.lock. Run 'pod install' or update your CocoaPods installation.\" >&2\n    exit 1\nfi\n# This output is used by Xcode 'outputs' to avoid re-running this script phase.\necho \"SUCCESS\" > \"${SCRIPT_OUTPUT_FILE_0}\"\n";
			showEnvVarsInLog = 0;
		};
		C0B3843FD860BA5245C24915 /* [CP] Embed Pods Frameworks */ = {
			isa = PBXShellScriptBuildPhase;
			buildActionMask = 2147483647;
			files = (
			);
			inputFileListPaths = (
				"${PODS_ROOT}/Target Support Files/Pods-AwDyu/Pods-AwDyu-frameworks-${CONFIGURATION}-input-files.xcfilelist",
			);
			name = "[CP] Embed Pods Frameworks";
			outputFileListPaths = (
				"${PODS_ROOT}/Target Support Files/Pods-AwDyu/Pods-AwDyu-frameworks-${CONFIGURATION}-output-files.xcfilelist",
			);
			runOnlyForDeploymentPostprocessing = 0;
			shellPath = /bin/sh;
			shellScript = "\"${PODS_ROOT}/Target Support Files/Pods-AwDyu/Pods-AwDyu-frameworks.sh\"\n";
			showEnvVarsInLog = 0;
		};
/* End PBXShellScriptBuildPhase section */

/* Begin PBXSourcesBuildPhase section */
		86A19FD924B4A91200032CEE /* Sources */ = {
			isa = PBXSourcesBuildPhase;
			buildActionMask = 2147483647;
			files = (
				8626741E24B550A900F1A4FC /* NetworkManager.swift in Sources */,
				86A19FF824B4AC4D00032CEE /* TrackTableViewCell.swift in Sources */,
				8622E72F24B549AA0044FC1D /* Tracks.swift in Sources */,
				868F067F24B68D7800D124A4 /* ImageLoadable.swift in Sources */,
				86C1571824B72AE30043BBCF /* TrackDetail.swift in Sources */,
				86C1572624B7587D0043BBCF /* LastVisitSectionHeaderViewModel.swift in Sources */,
				8622E72924B544C20044FC1D /* TrackTableCellViewModel.swift in Sources */,
				86A19FE124B4A91200032CEE /* AppDelegate.swift in Sources */,
				86A19FE324B4A91200032CEE /* SceneDelegate.swift in Sources */,
				8622E72724B5443D0044FC1D /* MasterTableViewModel.swift in Sources */,
				8622E72D24B549940044FC1D /* Track.swift in Sources */,
				86A19FE524B4A91200032CEE /* MasterViewController.swift in Sources */,
				86C1571A24B72E260043BBCF /* Purchaseable.swift in Sources */,
				86C1572324B737A50043BBCF /* LastVisitSectionHeaderView.swift in Sources */,
				86A19FE724B4A91200032CEE /* DetailViewController.swift in Sources */,
				86C1572824B7EF220043BBCF /* PrimarySplitViewController.swift in Sources */,
				8622E73124B549DC0044FC1D /* Displayable.swift in Sources */,
				86C1571D24B731340043BBCF /* UserDefaultsManager.swift in Sources */,
				8622E72224B541B50044FC1D /* UITableViewCellExtensions.swift in Sources */,
				868F068124B6948600D124A4 /* DetailViewModel.swift in Sources */,
				868F067C24B5FDC200D124A4 /* ImageLoader.swift in Sources */,
			);
			runOnlyForDeploymentPostprocessing = 0;
		};
/* End PBXSourcesBuildPhase section */

/* Begin PBXVariantGroup section */
		86A19FE824B4A91200032CEE /* Main.storyboard */ = {
			isa = PBXVariantGroup;
			children = (
				86A19FE924B4A91200032CEE /* Base */,
			);
			name = Main.storyboard;
			sourceTree = "<group>";
		};
		86A19FED24B4A91400032CEE /* LaunchScreen.storyboard */ = {
			isa = PBXVariantGroup;
			children = (
				86A19FEE24B4A91400032CEE /* Base */,
			);
			name = LaunchScreen.storyboard;
			sourceTree = "<group>";
		};
/* End PBXVariantGroup section */

/* Begin XCBuildConfiguration section */
		86A19FF124B4A91400032CEE /* Debug */ = {
			isa = XCBuildConfiguration;
			buildSettings = {
				ALWAYS_SEARCH_USER_PATHS = NO;
				CLANG_ANALYZER_NONNULL = YES;
				CLANG_ANALYZER_NUMBER_OBJECT_CONVERSION = YES_AGGRESSIVE;
				CLANG_CXX_LANGUAGE_STANDARD = "gnu++14";
				CLANG_CXX_LIBRARY = "libc++";
				CLANG_ENABLE_MODULES = YES;
				CLANG_ENABLE_OBJC_ARC = YES;
				CLANG_ENABLE_OBJC_WEAK = YES;
				CLANG_WARN_BLOCK_CAPTURE_AUTORELEASING = YES;
				CLANG_WARN_BOOL_CONVERSION = YES;
				CLANG_WARN_COMMA = YES;
				CLANG_WARN_CONSTANT_CONVERSION = YES;
				CLANG_WARN_DEPRECATED_OBJC_IMPLEMENTATIONS = YES;
				CLANG_WARN_DIRECT_OBJC_ISA_USAGE = YES_ERROR;
				CLANG_WARN_DOCUMENTATION_COMMENTS = YES;
				CLANG_WARN_EMPTY_BODY = YES;
				CLANG_WARN_ENUM_CONVERSION = YES;
				CLANG_WARN_INFINITE_RECURSION = YES;
				CLANG_WARN_INT_CONVERSION = YES;
				CLANG_WARN_NON_LITERAL_NULL_CONVERSION = YES;
				CLANG_WARN_OBJC_IMPLICIT_RETAIN_SELF = YES;
				CLANG_WARN_OBJC_LITERAL_CONVERSION = YES;
				CLANG_WARN_OBJC_ROOT_CLASS = YES_ERROR;
				CLANG_WARN_RANGE_LOOP_ANALYSIS = YES;
				CLANG_WARN_STRICT_PROTOTYPES = YES;
				CLANG_WARN_SUSPICIOUS_MOVE = YES;
				CLANG_WARN_UNGUARDED_AVAILABILITY = YES_AGGRESSIVE;
				CLANG_WARN_UNREACHABLE_CODE = YES;
				CLANG_WARN__DUPLICATE_METHOD_MATCH = YES;
				COPY_PHASE_STRIP = NO;
				DEBUG_INFORMATION_FORMAT = dwarf;
				ENABLE_STRICT_OBJC_MSGSEND = YES;
				ENABLE_TESTABILITY = YES;
				GCC_C_LANGUAGE_STANDARD = gnu11;
				GCC_DYNAMIC_NO_PIC = NO;
				GCC_NO_COMMON_BLOCKS = YES;
				GCC_OPTIMIZATION_LEVEL = 0;
				GCC_PREPROCESSOR_DEFINITIONS = (
					"DEBUG=1",
					"$(inherited)",
				);
				GCC_WARN_64_TO_32_BIT_CONVERSION = YES;
				GCC_WARN_ABOUT_RETURN_TYPE = YES_ERROR;
				GCC_WARN_UNDECLARED_SELECTOR = YES;
				GCC_WARN_UNINITIALIZED_AUTOS = YES_AGGRESSIVE;
				GCC_WARN_UNUSED_FUNCTION = YES;
				GCC_WARN_UNUSED_VARIABLE = YES;
				IPHONEOS_DEPLOYMENT_TARGET = 13.5;
				MTL_ENABLE_DEBUG_INFO = INCLUDE_SOURCE;
				MTL_FAST_MATH = YES;
				ONLY_ACTIVE_ARCH = YES;
				SDKROOT = iphoneos;
				SWIFT_ACTIVE_COMPILATION_CONDITIONS = DEBUG;
				SWIFT_OPTIMIZATION_LEVEL = "-Onone";
			};
			name = Debug;
		};
		86A19FF224B4A91400032CEE /* Release */ = {
			isa = XCBuildConfiguration;
			buildSettings = {
				ALWAYS_SEARCH_USER_PATHS = NO;
				CLANG_ANALYZER_NONNULL = YES;
				CLANG_ANALYZER_NUMBER_OBJECT_CONVERSION = YES_AGGRESSIVE;
				CLANG_CXX_LANGUAGE_STANDARD = "gnu++14";
				CLANG_CXX_LIBRARY = "libc++";
				CLANG_ENABLE_MODULES = YES;
				CLANG_ENABLE_OBJC_ARC = YES;
				CLANG_ENABLE_OBJC_WEAK = YES;
				CLANG_WARN_BLOCK_CAPTURE_AUTORELEASING = YES;
				CLANG_WARN_BOOL_CONVERSION = YES;
				CLANG_WARN_COMMA = YES;
				CLANG_WARN_CONSTANT_CONVERSION = YES;
				CLANG_WARN_DEPRECATED_OBJC_IMPLEMENTATIONS = YES;
				CLANG_WARN_DIRECT_OBJC_ISA_USAGE = YES_ERROR;
				CLANG_WARN_DOCUMENTATION_COMMENTS = YES;
				CLANG_WARN_EMPTY_BODY = YES;
				CLANG_WARN_ENUM_CONVERSION = YES;
				CLANG_WARN_INFINITE_RECURSION = YES;
				CLANG_WARN_INT_CONVERSION = YES;
				CLANG_WARN_NON_LITERAL_NULL_CONVERSION = YES;
				CLANG_WARN_OBJC_IMPLICIT_RETAIN_SELF = YES;
				CLANG_WARN_OBJC_LITERAL_CONVERSION = YES;
				CLANG_WARN_OBJC_ROOT_CLASS = YES_ERROR;
				CLANG_WARN_RANGE_LOOP_ANALYSIS = YES;
				CLANG_WARN_STRICT_PROTOTYPES = YES;
				CLANG_WARN_SUSPICIOUS_MOVE = YES;
				CLANG_WARN_UNGUARDED_AVAILABILITY = YES_AGGRESSIVE;
				CLANG_WARN_UNREACHABLE_CODE = YES;
				CLANG_WARN__DUPLICATE_METHOD_MATCH = YES;
				COPY_PHASE_STRIP = NO;
				DEBUG_INFORMATION_FORMAT = "dwarf-with-dsym";
				ENABLE_NS_ASSERTIONS = NO;
				ENABLE_STRICT_OBJC_MSGSEND = YES;
				GCC_C_LANGUAGE_STANDARD = gnu11;
				GCC_NO_COMMON_BLOCKS = YES;
				GCC_WARN_64_TO_32_BIT_CONVERSION = YES;
				GCC_WARN_ABOUT_RETURN_TYPE = YES_ERROR;
				GCC_WARN_UNDECLARED_SELECTOR = YES;
				GCC_WARN_UNINITIALIZED_AUTOS = YES_AGGRESSIVE;
				GCC_WARN_UNUSED_FUNCTION = YES;
				GCC_WARN_UNUSED_VARIABLE = YES;
				IPHONEOS_DEPLOYMENT_TARGET = 13.5;
				MTL_ENABLE_DEBUG_INFO = NO;
				MTL_FAST_MATH = YES;
				SDKROOT = iphoneos;
				SWIFT_COMPILATION_MODE = wholemodule;
				SWIFT_OPTIMIZATION_LEVEL = "-O";
				VALIDATE_PRODUCT = YES;
			};
			name = Release;
		};
		86A19FF424B4A91400032CEE /* Debug */ = {
			isa = XCBuildConfiguration;
			baseConfigurationReference = 215054766BE1FA74C590A075 /* Pods-AwDyu.debug.xcconfig */;
			buildSettings = {
				ASSETCATALOG_COMPILER_APPICON_NAME = AppIcon;
				CODE_SIGN_STYLE = Automatic;
				DEVELOPMENT_TEAM = 6UWE2EP59T;
				INFOPLIST_FILE = AwDyu/Info.plist;
				IPHONEOS_DEPLOYMENT_TARGET = 13.0;
				LD_RUNPATH_SEARCH_PATHS = (
					"$(inherited)",
					"@executable_path/Frameworks",
				);
				PRODUCT_BUNDLE_IDENTIFIER = com.vvc.AwDyu;
				PRODUCT_NAME = "$(TARGET_NAME)";
				SWIFT_VERSION = 5.0;
				TARGETED_DEVICE_FAMILY = "1,2";
			};
			name = Debug;
		};
		86A19FF524B4A91400032CEE /* Release */ = {
			isa = XCBuildConfiguration;
			baseConfigurationReference = 88A0EC064C2CE882798AD751 /* Pods-AwDyu.release.xcconfig */;
			buildSettings = {
				ASSETCATALOG_COMPILER_APPICON_NAME = AppIcon;
				CODE_SIGN_STYLE = Automatic;
				DEVELOPMENT_TEAM = 6UWE2EP59T;
				INFOPLIST_FILE = AwDyu/Info.plist;
				IPHONEOS_DEPLOYMENT_TARGET = 13.0;
				LD_RUNPATH_SEARCH_PATHS = (
					"$(inherited)",
					"@executable_path/Frameworks",
				);
				PRODUCT_BUNDLE_IDENTIFIER = com.vvc.AwDyu;
				PRODUCT_NAME = "$(TARGET_NAME)";
				SWIFT_VERSION = 5.0;
				TARGETED_DEVICE_FAMILY = "1,2";
			};
			name = Release;
		};
/* End XCBuildConfiguration section */

/* Begin XCConfigurationList section */
		86A19FD824B4A91200032CEE /* Build configuration list for PBXProject "AwDyu" */ = {
			isa = XCConfigurationList;
			buildConfigurations = (
				86A19FF124B4A91400032CEE /* Debug */,
				86A19FF224B4A91400032CEE /* Release */,
			);
			defaultConfigurationIsVisible = 0;
			defaultConfigurationName = Release;
		};
		86A19FF324B4A91400032CEE /* Build configuration list for PBXNativeTarget "AwDyu" */ = {
			isa = XCConfigurationList;
			buildConfigurations = (
				86A19FF424B4A91400032CEE /* Debug */,
				86A19FF524B4A91400032CEE /* Release */,
			);
			defaultConfigurationIsVisible = 0;
			defaultConfigurationName = Release;
		};
/* End XCConfigurationList section */
	};
	rootObject = 86A19FD524B4A91200032CEE /* Project object */;
}
